// !$*UTF8*$!
{
	archiveVersion = 1;
	classes = {
	};
	objectVersion = 56;
	objects = {

/* Begin PBXBuildFile section */
		CABE91A42C59D667005C6A97 /* AppDelegate.swift in Sources */ = {isa = PBXBuildFile; fileRef = CABE91A32C59D667005C6A97 /* AppDelegate.swift */; };
		CABE91A82C59D667005C6A97 /* Base in Resources */ = {isa = PBXBuildFile; fileRef = CABE91A72C59D667005C6A97 /* Base */; };
		CABE91AA2C59D667005C6A97 /* Icon.png in Resources */ = {isa = PBXBuildFile; fileRef = CABE91A92C59D667005C6A97 /* Icon.png */; };
		CABE91AC2C59D667005C6A97 /* Style.css in Resources */ = {isa = PBXBuildFile; fileRef = CABE91AB2C59D667005C6A97 /* Style.css */; };
		CABE91AE2C59D667005C6A97 /* Script.js in Resources */ = {isa = PBXBuildFile; fileRef = CABE91AD2C59D667005C6A97 /* Script.js */; };
		CABE91B02C59D667005C6A97 /* ViewController.swift in Sources */ = {isa = PBXBuildFile; fileRef = CABE91AF2C59D667005C6A97 /* ViewController.swift */; };
		CABE91B32C59D667005C6A97 /* Base in Resources */ = {isa = PBXBuildFile; fileRef = CABE91B22C59D667005C6A97 /* Base */; };
		CABE91B52C59D667005C6A97 /* Assets.xcassets in Resources */ = {isa = PBXBuildFile; fileRef = CABE91B42C59D667005C6A97 /* Assets.xcassets */; };
		CABE91BD2C59D667005C6A97 /* Mute Master Extension.appex in Embed Foundation Extensions */ = {isa = PBXBuildFile; fileRef = CABE91BC2C59D667005C6A97 /* Mute Master Extension.appex */; settings = {ATTRIBUTES = (RemoveHeadersOnCopy, ); }; };
		CABE91C22C59D667005C6A97 /* SafariWebExtensionHandler.swift in Sources */ = {isa = PBXBuildFile; fileRef = CABE91C12C59D667005C6A97 /* SafariWebExtensionHandler.swift */; };
		CABE91C52C59D667005C6A97 /* _locales in Resources */ = {isa = PBXBuildFile; fileRef = CABE91C42C59D667005C6A97 /* _locales */; };
		CABE91C72C59D667005C6A97 /* images in Resources */ = {isa = PBXBuildFile; fileRef = CABE91C62C59D667005C6A97 /* images */; };
		CABE91C92C59D667005C6A97 /* manifest.json in Resources */ = {isa = PBXBuildFile; fileRef = CABE91C82C59D667005C6A97 /* manifest.json */; };
		CABE91CB2C59D667005C6A97 /* background.js in Resources */ = {isa = PBXBuildFile; fileRef = CABE91CA2C59D667005C6A97 /* background.js */; };
		CABE91CD2C59D667005C6A97 /* content.js in Resources */ = {isa = PBXBuildFile; fileRef = CABE91CC2C59D667005C6A97 /* content.js */; };
		CABE91D12C59D667005C6A97 /* popup.css in Resources */ = {isa = PBXBuildFile; fileRef = CABE91D02C59D667005C6A97 /* popup.css */; };
		CABE91D32C59D667005C6A97 /* popup.js in Resources */ = {isa = PBXBuildFile; fileRef = CABE91D22C59D667005C6A97 /* popup.js */; };
		CABE91E02C5A94A6005C6A97 /* popup.html in Resources */ = {isa = PBXBuildFile; fileRef = CABE91DF2C5A94A6005C6A97 /* popup.html */; };
/* End PBXBuildFile section */

/* Begin PBXContainerItemProxy section */
		CABE91BE2C59D667005C6A97 /* PBXContainerItemProxy */ = {
			isa = PBXContainerItemProxy;
			containerPortal = CABE91982C59D667005C6A97 /* Project object */;
			proxyType = 1;
			remoteGlobalIDString = CABE91BB2C59D667005C6A97;
			remoteInfo = "Mute Master Extension";
		};
/* End PBXContainerItemProxy section */

/* Begin PBXCopyFilesBuildPhase section */
		CABE91DB2C59D667005C6A97 /* Embed Foundation Extensions */ = {
			isa = PBXCopyFilesBuildPhase;
			buildActionMask = 2147483647;
			dstPath = "";
			dstSubfolderSpec = 13;
			files = (
				CABE91BD2C59D667005C6A97 /* Mute Master Extension.appex in Embed Foundation Extensions */,
			);
			name = "Embed Foundation Extensions";
			runOnlyForDeploymentPostprocessing = 0;
		};
/* End PBXCopyFilesBuildPhase section */

/* Begin PBXFileReference section */
		CABE91A02C59D667005C6A97 /* Mute Master.app */ = {isa = PBXFileReference; explicitFileType = wrapper.application; includeInIndex = 0; path = "Mute Master.app"; sourceTree = BUILT_PRODUCTS_DIR; };
		CABE91A32C59D667005C6A97 /* AppDelegate.swift */ = {isa = PBXFileReference; lastKnownFileType = sourcecode.swift; path = AppDelegate.swift; sourceTree = "<group>"; };
		CABE91A72C59D667005C6A97 /* Base */ = {isa = PBXFileReference; lastKnownFileType = text.html; name = Base; path = ../Base.lproj/Main.html; sourceTree = "<group>"; };
		CABE91A92C59D667005C6A97 /* Icon.png */ = {isa = PBXFileReference; lastKnownFileType = image.png; path = Icon.png; sourceTree = "<group>"; };
		CABE91AB2C59D667005C6A97 /* Style.css */ = {isa = PBXFileReference; lastKnownFileType = text.css; path = Style.css; sourceTree = "<group>"; };
		CABE91AD2C59D667005C6A97 /* Script.js */ = {isa = PBXFileReference; lastKnownFileType = sourcecode.javascript; path = Script.js; sourceTree = "<group>"; };
		CABE91AF2C59D667005C6A97 /* ViewController.swift */ = {isa = PBXFileReference; lastKnownFileType = sourcecode.swift; path = ViewController.swift; sourceTree = "<group>"; };
		CABE91B22C59D667005C6A97 /* Base */ = {isa = PBXFileReference; lastKnownFileType = file.storyboard; name = Base; path = Base.lproj/Main.storyboard; sourceTree = "<group>"; };
		CABE91B42C59D667005C6A97 /* Assets.xcassets */ = {isa = PBXFileReference; lastKnownFileType = folder.assetcatalog; path = Assets.xcassets; sourceTree = "<group>"; };
		CABE91B62C59D667005C6A97 /* Mute_Master.entitlements */ = {isa = PBXFileReference; lastKnownFileType = text.plist.entitlements; path = Mute_Master.entitlements; sourceTree = "<group>"; };
		CABE91B72C59D667005C6A97 /* Mute Master.entitlements */ = {isa = PBXFileReference; lastKnownFileType = text.plist.entitlements; path = "Mute Master.entitlements"; sourceTree = "<group>"; };
		CABE91BC2C59D667005C6A97 /* Mute Master Extension.appex */ = {isa = PBXFileReference; explicitFileType = "wrapper.app-extension"; includeInIndex = 0; path = "Mute Master Extension.appex"; sourceTree = BUILT_PRODUCTS_DIR; };
		CABE91C12C59D667005C6A97 /* SafariWebExtensionHandler.swift */ = {isa = PBXFileReference; lastKnownFileType = sourcecode.swift; path = SafariWebExtensionHandler.swift; sourceTree = "<group>"; };
		CABE91C42C59D667005C6A97 /* _locales */ = {isa = PBXFileReference; lastKnownFileType = folder; path = _locales; sourceTree = "<group>"; };
		CABE91C62C59D667005C6A97 /* images */ = {isa = PBXFileReference; lastKnownFileType = folder; path = images; sourceTree = "<group>"; };
		CABE91C82C59D667005C6A97 /* manifest.json */ = {isa = PBXFileReference; lastKnownFileType = text.json; path = manifest.json; sourceTree = "<group>"; };
		CABE91CA2C59D667005C6A97 /* background.js */ = {isa = PBXFileReference; lastKnownFileType = sourcecode.javascript; path = background.js; sourceTree = "<group>"; };
		CABE91CC2C59D667005C6A97 /* content.js */ = {isa = PBXFileReference; lastKnownFileType = sourcecode.javascript; path = content.js; sourceTree = "<group>"; };
		CABE91D02C59D667005C6A97 /* popup.css */ = {isa = PBXFileReference; lastKnownFileType = text.css; path = popup.css; sourceTree = "<group>"; };
		CABE91D22C59D667005C6A97 /* popup.js */ = {isa = PBXFileReference; lastKnownFileType = sourcecode.javascript; path = popup.js; sourceTree = "<group>"; };
		CABE91D42C59D667005C6A97 /* Info.plist */ = {isa = PBXFileReference; lastKnownFileType = text.plist.xml; path = Info.plist; sourceTree = "<group>"; };
		CABE91D52C59D667005C6A97 /* Mute_Master_Extension.entitlements */ = {isa = PBXFileReference; lastKnownFileType = text.plist.entitlements; path = Mute_Master_Extension.entitlements; sourceTree = "<group>"; };
		CABE91DF2C5A94A6005C6A97 /* popup.html */ = {isa = PBXFileReference; lastKnownFileType = text.html; path = popup.html; sourceTree = "<group>"; };
/* End PBXFileReference section */

/* Begin PBXFrameworksBuildPhase section */
		CABE919D2C59D667005C6A97 /* Frameworks */ = {
			isa = PBXFrameworksBuildPhase;
			buildActionMask = 2147483647;
			files = (
			);
			runOnlyForDeploymentPostprocessing = 0;
		};
		CABE91B92C59D667005C6A97 /* Frameworks */ = {
			isa = PBXFrameworksBuildPhase;
			buildActionMask = 2147483647;
			files = (
			);
			runOnlyForDeploymentPostprocessing = 0;
		};
/* End PBXFrameworksBuildPhase section */

/* Begin PBXGroup section */
		CABE91972C59D667005C6A97 = {
			isa = PBXGroup;
			children = (
				CABE91A22C59D667005C6A97 /* Mute Master */,
				CABE91C02C59D667005C6A97 /* Mute Master Extension */,
				CABE91A12C59D667005C6A97 /* Products */,
			);
			sourceTree = "<group>";
		};
		CABE91A12C59D667005C6A97 /* Products */ = {
			isa = PBXGroup;
			children = (
				CABE91A02C59D667005C6A97 /* Mute Master.app */,
				CABE91BC2C59D667005C6A97 /* Mute Master Extension.appex */,
			);
			name = Products;
			sourceTree = "<group>";
		};
		CABE91A22C59D667005C6A97 /* Mute Master */ = {
			isa = PBXGroup;
			children = (
				CABE91A32C59D667005C6A97 /* AppDelegate.swift */,
				CABE91AF2C59D667005C6A97 /* ViewController.swift */,
				CABE91B12C59D667005C6A97 /* Main.storyboard */,
				CABE91B42C59D667005C6A97 /* Assets.xcassets */,
				CABE91B62C59D667005C6A97 /* Mute_Master.entitlements */,
				CABE91B72C59D667005C6A97 /* Mute Master.entitlements */,
				CABE91A52C59D667005C6A97 /* Resources */,
			);
			path = "Mute Master";
			sourceTree = "<group>";
		};
		CABE91A52C59D667005C6A97 /* Resources */ = {
			isa = PBXGroup;
			children = (
				CABE91A62C59D667005C6A97 /* Main.html */,
				CABE91A92C59D667005C6A97 /* Icon.png */,
				CABE91AB2C59D667005C6A97 /* Style.css */,
				CABE91AD2C59D667005C6A97 /* Script.js */,
			);
			path = Resources;
			sourceTree = "<group>";
		};
		CABE91C02C59D667005C6A97 /* Mute Master Extension */ = {
			isa = PBXGroup;
			children = (
				CABE91C12C59D667005C6A97 /* SafariWebExtensionHandler.swift */,
				CABE91D42C59D667005C6A97 /* Info.plist */,
				CABE91D52C59D667005C6A97 /* Mute_Master_Extension.entitlements */,
				CABE91C32C59D667005C6A97 /* Resources */,
			);
			path = "Mute Master Extension";
			sourceTree = "<group>";
		};
		CABE91C32C59D667005C6A97 /* Resources */ = {
			isa = PBXGroup;
			children = (
				CABE91C42C59D667005C6A97 /* _locales */,
				CABE91C62C59D667005C6A97 /* images */,
				CABE91C82C59D667005C6A97 /* manifest.json */,
				CABE91CA2C59D667005C6A97 /* background.js */,
				CABE91CC2C59D667005C6A97 /* content.js */,
				CABE91D02C59D667005C6A97 /* popup.css */,
				CABE91D22C59D667005C6A97 /* popup.js */,
				CABE91DF2C5A94A6005C6A97 /* popup.html */,
			);
			path = Resources;
			sourceTree = "<group>";
		};
/* End PBXGroup section */

/* Begin PBXNativeTarget section */
		CABE919F2C59D667005C6A97 /* Mute Master */ = {
			isa = PBXNativeTarget;
			buildConfigurationList = CABE91DC2C59D667005C6A97 /* Build configuration list for PBXNativeTarget "Mute Master" */;
			buildPhases = (
				CABE919C2C59D667005C6A97 /* Sources */,
				CABE919D2C59D667005C6A97 /* Frameworks */,
				CABE919E2C59D667005C6A97 /* Resources */,
				CABE91DB2C59D667005C6A97 /* Embed Foundation Extensions */,
			);
			buildRules = (
			);
			dependencies = (
				CABE91BF2C59D667005C6A97 /* PBXTargetDependency */,
			);
			name = "Mute Master";
			productName = "Mute Master";
			productReference = CABE91A02C59D667005C6A97 /* Mute Master.app */;
			productType = "com.apple.product-type.application";
		};
		CABE91BB2C59D667005C6A97 /* Mute Master Extension */ = {
			isa = PBXNativeTarget;
			buildConfigurationList = CABE91D82C59D667005C6A97 /* Build configuration list for PBXNativeTarget "Mute Master Extension" */;
			buildPhases = (
				CABE91B82C59D667005C6A97 /* Sources */,
				CABE91B92C59D667005C6A97 /* Frameworks */,
				CABE91BA2C59D667005C6A97 /* Resources */,
			);
			buildRules = (
			);
			dependencies = (
			);
			name = "Mute Master Extension";
			productName = "Mute Master Extension";
			productReference = CABE91BC2C59D667005C6A97 /* Mute Master Extension.appex */;
			productType = "com.apple.product-type.app-extension";
		};
/* End PBXNativeTarget section */

/* Begin PBXProject section */
		CABE91982C59D667005C6A97 /* Project object */ = {
			isa = PBXProject;
			attributes = {
				BuildIndependentTargetsInParallel = 1;
				LastSwiftUpdateCheck = 1540;
				LastUpgradeCheck = 1540;
				TargetAttributes = {
					CABE919F2C59D667005C6A97 = {
						CreatedOnToolsVersion = 15.4;
					};
					CABE91BB2C59D667005C6A97 = {
						CreatedOnToolsVersion = 15.4;
					};
				};
			};
			buildConfigurationList = CABE919B2C59D667005C6A97 /* Build configuration list for PBXProject "Mute Master" */;
			compatibilityVersion = "Xcode 14.0";
			developmentRegion = en;
			hasScannedForEncodings = 0;
			knownRegions = (
				en,
				Base,
			);
			mainGroup = CABE91972C59D667005C6A97;
			productRefGroup = CABE91A12C59D667005C6A97 /* Products */;
			projectDirPath = "";
			projectRoot = "";
			targets = (
				CABE919F2C59D667005C6A97 /* Mute Master */,
				CABE91BB2C59D667005C6A97 /* Mute Master Extension */,
			);
		};
/* End PBXProject section */

/* Begin PBXResourcesBuildPhase section */
		CABE919E2C59D667005C6A97 /* Resources */ = {
			isa = PBXResourcesBuildPhase;
			buildActionMask = 2147483647;
			files = (
				CABE91AA2C59D667005C6A97 /* Icon.png in Resources */,
				CABE91AE2C59D667005C6A97 /* Script.js in Resources */,
				CABE91A82C59D667005C6A97 /* Base in Resources */,
				CABE91AC2C59D667005C6A97 /* Style.css in Resources */,
				CABE91B52C59D667005C6A97 /* Assets.xcassets in Resources */,
				CABE91B32C59D667005C6A97 /* Base in Resources */,
			);
			runOnlyForDeploymentPostprocessing = 0;
		};
		CABE91BA2C59D667005C6A97 /* Resources */ = {
			isa = PBXResourcesBuildPhase;
			buildActionMask = 2147483647;
			files = (
				CABE91CB2C59D667005C6A97 /* background.js in Resources */,
				CABE91E02C5A94A6005C6A97 /* popup.html in Resources */,
				CABE91D12C59D667005C6A97 /* popup.css in Resources */,
				CABE91C72C59D667005C6A97 /* images in Resources */,
				CABE91C92C59D667005C6A97 /* manifest.json in Resources */,
				CABE91C52C59D667005C6A97 /* _locales in Resources */,
				CABE91CD2C59D667005C6A97 /* content.js in Resources */,
				CABE91D32C59D667005C6A97 /* popup.js in Resources */,
			);
			runOnlyForDeploymentPostprocessing = 0;
		};
/* End PBXResourcesBuildPhase section */

/* Begin PBXSourcesBuildPhase section */
		CABE919C2C59D667005C6A97 /* Sources */ = {
			isa = PBXSourcesBuildPhase;
			buildActionMask = 2147483647;
			files = (
				CABE91B02C59D667005C6A97 /* ViewController.swift in Sources */,
				CABE91A42C59D667005C6A97 /* AppDelegate.swift in Sources */,
			);
			runOnlyForDeploymentPostprocessing = 0;
		};
		CABE91B82C59D667005C6A97 /* Sources */ = {
			isa = PBXSourcesBuildPhase;
			buildActionMask = 2147483647;
			files = (
				CABE91C22C59D667005C6A97 /* SafariWebExtensionHandler.swift in Sources */,
			);
			runOnlyForDeploymentPostprocessing = 0;
		};
/* End PBXSourcesBuildPhase section */

/* Begin PBXTargetDependency section */
		CABE91BF2C59D667005C6A97 /* PBXTargetDependency */ = {
			isa = PBXTargetDependency;
			target = CABE91BB2C59D667005C6A97 /* Mute Master Extension */;
			targetProxy = CABE91BE2C59D667005C6A97 /* PBXContainerItemProxy */;
		};
/* End PBXTargetDependency section */

/* Begin PBXVariantGroup section */
		CABE91A62C59D667005C6A97 /* Main.html */ = {
			isa = PBXVariantGroup;
			children = (
				CABE91A72C59D667005C6A97 /* Base */,
			);
			name = Main.html;
			sourceTree = "<group>";
		};
		CABE91B12C59D667005C6A97 /* Main.storyboard */ = {
			isa = PBXVariantGroup;
			children = (
				CABE91B22C59D667005C6A97 /* Base */,
			);
			name = Main.storyboard;
			sourceTree = "<group>";
		};
/* End PBXVariantGroup section */

/* Begin XCBuildConfiguration section */
		CABE91D62C59D667005C6A97 /* Debug */ = {
			isa = XCBuildConfiguration;
			buildSettings = {
				ALWAYS_SEARCH_USER_PATHS = NO;
				ASSETCATALOG_COMPILER_GENERATE_SWIFT_ASSET_SYMBOL_EXTENSIONS = YES;
				CLANG_ANALYZER_NONNULL = YES;
				CLANG_ANALYZER_NUMBER_OBJECT_CONVERSION = YES_AGGRESSIVE;
				CLANG_CXX_LANGUAGE_STANDARD = "gnu++20";
				CLANG_ENABLE_MODULES = YES;
				CLANG_ENABLE_OBJC_ARC = YES;
				CLANG_ENABLE_OBJC_WEAK = YES;
				CLANG_WARN_BLOCK_CAPTURE_AUTORELEASING = YES;
				CLANG_WARN_BOOL_CONVERSION = YES;
				CLANG_WARN_COMMA = YES;
				CLANG_WARN_CONSTANT_CONVERSION = YES;
				CLANG_WARN_DEPRECATED_OBJC_IMPLEMENTATIONS = YES;
				CLANG_WARN_DIRECT_OBJC_ISA_USAGE = YES_ERROR;
				CLANG_WARN_DOCUMENTATION_COMMENTS = YES;
				CLANG_WARN_EMPTY_BODY = YES;
				CLANG_WARN_ENUM_CONVERSION = YES;
				CLANG_WARN_INFINITE_RECURSION = YES;
				CLANG_WARN_INT_CONVERSION = YES;
				CLANG_WARN_NON_LITERAL_NULL_CONVERSION = YES;
				CLANG_WARN_OBJC_IMPLICIT_RETAIN_SELF = YES;
				CLANG_WARN_OBJC_LITERAL_CONVERSION = YES;
				CLANG_WARN_OBJC_ROOT_CLASS = YES_ERROR;
				CLANG_WARN_QUOTED_INCLUDE_IN_FRAMEWORK_HEADER = YES;
				CLANG_WARN_RANGE_LOOP_ANALYSIS = YES;
				CLANG_WARN_STRICT_PROTOTYPES = YES;
				CLANG_WARN_SUSPICIOUS_MOVE = YES;
				CLANG_WARN_UNGUARDED_AVAILABILITY = YES_AGGRESSIVE;
				CLANG_WARN_UNREACHABLE_CODE = YES;
				CLANG_WARN__DUPLICATE_METHOD_MATCH = YES;
				COPY_PHASE_STRIP = NO;
				DEBUG_INFORMATION_FORMAT = dwarf;
				ENABLE_STRICT_OBJC_MSGSEND = YES;
				ENABLE_TESTABILITY = YES;
				ENABLE_USER_SCRIPT_SANDBOXING = YES;
				GCC_C_LANGUAGE_STANDARD = gnu17;
				GCC_DYNAMIC_NO_PIC = NO;
				GCC_NO_COMMON_BLOCKS = YES;
				GCC_OPTIMIZATION_LEVEL = 0;
				GCC_PREPROCESSOR_DEFINITIONS = (
					"DEBUG=1",
					"$(inherited)",
				);
				GCC_WARN_64_TO_32_BIT_CONVERSION = YES;
				GCC_WARN_ABOUT_RETURN_TYPE = YES_ERROR;
				GCC_WARN_UNDECLARED_SELECTOR = YES;
				GCC_WARN_UNINITIALIZED_AUTOS = YES_AGGRESSIVE;
				GCC_WARN_UNUSED_FUNCTION = YES;
				GCC_WARN_UNUSED_VARIABLE = YES;
				LOCALIZATION_PREFERS_STRING_CATALOGS = YES;
				MACOSX_DEPLOYMENT_TARGET = 14.5;
				MTL_ENABLE_DEBUG_INFO = INCLUDE_SOURCE;
				MTL_FAST_MATH = YES;
				ONLY_ACTIVE_ARCH = YES;
				SDKROOT = macosx;
				SWIFT_ACTIVE_COMPILATION_CONDITIONS = "DEBUG $(inherited)";
				SWIFT_OPTIMIZATION_LEVEL = "-Onone";
			};
			name = Debug;
		};
		CABE91D72C59D667005C6A97 /* Release */ = {
			isa = XCBuildConfiguration;
			buildSettings = {
				ALWAYS_SEARCH_USER_PATHS = NO;
				ASSETCATALOG_COMPILER_GENERATE_SWIFT_ASSET_SYMBOL_EXTENSIONS = YES;
				CLANG_ANALYZER_NONNULL = YES;
				CLANG_ANALYZER_NUMBER_OBJECT_CONVERSION = YES_AGGRESSIVE;
				CLANG_CXX_LANGUAGE_STANDARD = "gnu++20";
				CLANG_ENABLE_MODULES = YES;
				CLANG_ENABLE_OBJC_ARC = YES;
				CLANG_ENABLE_OBJC_WEAK = YES;
				CLANG_WARN_BLOCK_CAPTURE_AUTORELEASING = YES;
				CLANG_WARN_BOOL_CONVERSION = YES;
				CLANG_WARN_COMMA = YES;
				CLANG_WARN_CONSTANT_CONVERSION = YES;
				CLANG_WARN_DEPRECATED_OBJC_IMPLEMENTATIONS = YES;
				CLANG_WARN_DIRECT_OBJC_ISA_USAGE = YES_ERROR;
				CLANG_WARN_DOCUMENTATION_COMMENTS = YES;
				CLANG_WARN_EMPTY_BODY = YES;
				CLANG_WARN_ENUM_CONVERSION = YES;
				CLANG_WARN_INFINITE_RECURSION = YES;
				CLANG_WARN_INT_CONVERSION = YES;
				CLANG_WARN_NON_LITERAL_NULL_CONVERSION = YES;
				CLANG_WARN_OBJC_IMPLICIT_RETAIN_SELF = YES;
				CLANG_WARN_OBJC_LITERAL_CONVERSION = YES;
				CLANG_WARN_OBJC_ROOT_CLASS = YES_ERROR;
				CLANG_WARN_QUOTED_INCLUDE_IN_FRAMEWORK_HEADER = YES;
				CLANG_WARN_RANGE_LOOP_ANALYSIS = YES;
				CLANG_WARN_STRICT_PROTOTYPES = YES;
				CLANG_WARN_SUSPICIOUS_MOVE = YES;
				CLANG_WARN_UNGUARDED_AVAILABILITY = YES_AGGRESSIVE;
				CLANG_WARN_UNREACHABLE_CODE = YES;
				CLANG_WARN__DUPLICATE_METHOD_MATCH = YES;
				COPY_PHASE_STRIP = NO;
				DEBUG_INFORMATION_FORMAT = "dwarf-with-dsym";
				ENABLE_NS_ASSERTIONS = NO;
				ENABLE_STRICT_OBJC_MSGSEND = YES;
				ENABLE_USER_SCRIPT_SANDBOXING = YES;
				GCC_C_LANGUAGE_STANDARD = gnu17;
				GCC_NO_COMMON_BLOCKS = YES;
				GCC_WARN_64_TO_32_BIT_CONVERSION = YES;
				GCC_WARN_ABOUT_RETURN_TYPE = YES_ERROR;
				GCC_WARN_UNDECLARED_SELECTOR = YES;
				GCC_WARN_UNINITIALIZED_AUTOS = YES_AGGRESSIVE;
				GCC_WARN_UNUSED_FUNCTION = YES;
				GCC_WARN_UNUSED_VARIABLE = YES;
				LOCALIZATION_PREFERS_STRING_CATALOGS = YES;
				MACOSX_DEPLOYMENT_TARGET = 14.5;
				MTL_ENABLE_DEBUG_INFO = NO;
				MTL_FAST_MATH = YES;
				SDKROOT = macosx;
				SWIFT_COMPILATION_MODE = wholemodule;
			};
			name = Release;
		};
		CABE91D92C59D667005C6A97 /* Debug */ = {
			isa = XCBuildConfiguration;
			buildSettings = {
				CODE_SIGN_ENTITLEMENTS = "Mute Master Extension/Mute_Master_Extension.entitlements";
				CODE_SIGN_STYLE = Automatic;
				CURRENT_PROJECT_VERSION = 1;
				DEVELOPMENT_TEAM = 96583FPNGW;
				ENABLE_HARDENED_RUNTIME = YES;
				GENERATE_INFOPLIST_FILE = YES;
				INFOPLIST_FILE = "Mute Master Extension/Info.plist";
				INFOPLIST_KEY_CFBundleDisplayName = "Mute Master Extension";
				INFOPLIST_KEY_NSHumanReadableCopyright = "";
				LD_RUNPATH_SEARCH_PATHS = (
					"$(inherited)",
					"@executable_path/../Frameworks",
					"@executable_path/../../../../Frameworks",
				);
				MACOSX_DEPLOYMENT_TARGET = 10.14;
				MARKETING_VERSION = 1.0;
				OTHER_LDFLAGS = (
					"-framework",
					SafariServices,
				);
				PRODUCT_BUNDLE_IDENTIFIER = "jghg02.Mute-Master.Extension";
				PRODUCT_NAME = "$(TARGET_NAME)";
				SKIP_INSTALL = YES;
				SWIFT_EMIT_LOC_STRINGS = YES;
				SWIFT_VERSION = 5.0;
			};
			name = Debug;
		};
		CABE91DA2C59D667005C6A97 /* Release */ = {
			isa = XCBuildConfiguration;
			buildSettings = {
				CODE_SIGN_ENTITLEMENTS = "Mute Master Extension/Mute_Master_Extension.entitlements";
				CODE_SIGN_STYLE = Automatic;
				CURRENT_PROJECT_VERSION = 1;
				DEVELOPMENT_TEAM = 96583FPNGW;
				ENABLE_HARDENED_RUNTIME = YES;
				GENERATE_INFOPLIST_FILE = YES;
				INFOPLIST_FILE = "Mute Master Extension/Info.plist";
				INFOPLIST_KEY_CFBundleDisplayName = "Mute Master Extension";
				INFOPLIST_KEY_NSHumanReadableCopyright = "";
				LD_RUNPATH_SEARCH_PATHS = (
					"$(inherited)",
					"@executable_path/../Frameworks",
					"@executable_path/../../../../Frameworks",
				);
				MACOSX_DEPLOYMENT_TARGET = 10.14;
				MARKETING_VERSION = 1.0;
				OTHER_LDFLAGS = (
					"-framework",
					SafariServices,
				);
				PRODUCT_BUNDLE_IDENTIFIER = "jghg02.Mute-Master.Extension";
				PRODUCT_NAME = "$(TARGET_NAME)";
				SKIP_INSTALL = YES;
				SWIFT_EMIT_LOC_STRINGS = YES;
				SWIFT_VERSION = 5.0;
			};
			name = Release;
		};
		CABE91DD2C59D667005C6A97 /* Debug */ = {
			isa = XCBuildConfiguration;
			buildSettings = {
				ALWAYS_EMBED_SWIFT_STANDARD_LIBRARIES = YES;
				ASSETCATALOG_COMPILER_APPICON_NAME = AppIcon;
				ASSETCATALOG_COMPILER_GLOBAL_ACCENT_COLOR_NAME = AccentColor;
				CODE_SIGN_ENTITLEMENTS = "Mute Master/Mute Master.entitlements";
				CODE_SIGN_IDENTITY = "Apple Development";
				"CODE_SIGN_IDENTITY[sdk=macosx*]" = "Apple Development";
				CODE_SIGN_STYLE = Automatic;
				COMBINE_HIDPI_IMAGES = YES;
				CURRENT_PROJECT_VERSION = 0.0.1;
				DEVELOPMENT_TEAM = 96583FPNGW;
				ENABLE_HARDENED_RUNTIME = YES;
				GENERATE_INFOPLIST_FILE = YES;
				INFOPLIST_KEY_CFBundleDisplayName = "Mute Master";
				INFOPLIST_KEY_NSHumanReadableCopyright = "";
				INFOPLIST_KEY_NSMainStoryboardFile = Main;
				INFOPLIST_KEY_NSPrincipalClass = NSApplication;
				LD_RUNPATH_SEARCH_PATHS = (
					"$(inherited)",
					"@executable_path/../Frameworks",
				);
				MACOSX_DEPLOYMENT_TARGET = 10.14;
				MARKETING_VERSION = 0.0.1;
				OTHER_LDFLAGS = (
					"-framework",
					SafariServices,
					"-framework",
					WebKit,
				);
				PRODUCT_BUNDLE_IDENTIFIER = "jghg02.Mute-Master";
				PRODUCT_NAME = "$(TARGET_NAME)";
				PROVISIONING_PROFILE_SPECIFIER = "";
				SWIFT_EMIT_LOC_STRINGS = YES;
				SWIFT_VERSION = 5.0;
			};
			name = Debug;
		};
		CABE91DE2C59D667005C6A97 /* Release */ = {
			isa = XCBuildConfiguration;
			buildSettings = {
				ALWAYS_EMBED_SWIFT_STANDARD_LIBRARIES = YES;
				ASSETCATALOG_COMPILER_APPICON_NAME = AppIcon;
				ASSETCATALOG_COMPILER_GLOBAL_ACCENT_COLOR_NAME = AccentColor;
				CODE_SIGN_ENTITLEMENTS = "Mute Master/Mute Master.entitlements";
				CODE_SIGN_IDENTITY = "Apple Development";
				"CODE_SIGN_IDENTITY[sdk=macosx*]" = "Apple Development";
				CODE_SIGN_STYLE = Automatic;
				COMBINE_HIDPI_IMAGES = YES;
				CURRENT_PROJECT_VERSION = 0.0.1;
				DEVELOPMENT_TEAM = 96583FPNGW;
				ENABLE_HARDENED_RUNTIME = YES;
				GENERATE_INFOPLIST_FILE = YES;
				INFOPLIST_KEY_CFBundleDisplayName = "Mute Master";
				INFOPLIST_KEY_NSHumanReadableCopyright = "";
				INFOPLIST_KEY_NSMainStoryboardFile = Main;
				INFOPLIST_KEY_NSPrincipalClass = NSApplication;
				LD_RUNPATH_SEARCH_PATHS = (
					"$(inherited)",
					"@executable_path/../Frameworks",
				);
				MACOSX_DEPLOYMENT_TARGET = 10.14;
				MARKETING_VERSION = 0.0.1;
				OTHER_LDFLAGS = (
					"-framework",
					SafariServices,
					"-framework",
					WebKit,
				);
				PRODUCT_BUNDLE_IDENTIFIER = "jghg02.Mute-Master";
				PRODUCT_NAME = "$(TARGET_NAME)";
				PROVISIONING_PROFILE_SPECIFIER = "";
				SWIFT_EMIT_LOC_STRINGS = YES;
				SWIFT_VERSION = 5.0;
			};
			name = Release;
		};
/* End XCBuildConfiguration section */

/* Begin XCConfigurationList section */
		CABE919B2C59D667005C6A97 /* Build configuration list for PBXProject "Mute Master" */ = {
			isa = XCConfigurationList;
			buildConfigurations = (
				CABE91D62C59D667005C6A97 /* Debug */,
				CABE91D72C59D667005C6A97 /* Release */,
			);
			defaultConfigurationIsVisible = 0;
			defaultConfigurationName = Release;
		};
		CABE91D82C59D667005C6A97 /* Build configuration list for PBXNativeTarget "Mute Master Extension" */ = {
			isa = XCConfigurationList;
			buildConfigurations = (
				CABE91D92C59D667005C6A97 /* Debug */,
				CABE91DA2C59D667005C6A97 /* Release */,
			);
			defaultConfigurationIsVisible = 0;
			defaultConfigurationName = Release;
		};
		CABE91DC2C59D667005C6A97 /* Build configuration list for PBXNativeTarget "Mute Master" */ = {
			isa = XCConfigurationList;
			buildConfigurations = (
				CABE91DD2C59D667005C6A97 /* Debug */,
				CABE91DE2C59D667005C6A97 /* Release */,
			);
			defaultConfigurationIsVisible = 0;
			defaultConfigurationName = Release;
		};
/* End XCConfigurationList section */
	};
	rootObject = CABE91982C59D667005C6A97 /* Project object */;
}
